
Microsoft Visual Studio Solution File, Format Version 12.00
# Visual Studio Version 17
VisualStudioVersion = 17.8.34525.116
MinimumVisualStudioVersion = 10.0.40219.1
Project("{FAE04EC0-301F-11D3-BF4B-00C04F79EFBC}") = "Application", "Application.csproj", "{61C57883-ADBB-4411-91AF-E81D4CE61380}"
EndProject
Project("{FAE04EC0-301F-11D3-BF4B-00C04F79EFBC}") = "Domain", "..\Domain\Domain.csproj", "{5202E265-012C-4710-9D11-E8DD005BD97F}"
EndProject
Project("{FAE04EC0-301F-11D3-BF4B-00C04F79EFBC}") = "Infrastructure", "..\Infrastructure\Infrastructure.csproj", "{6438A5A5-48EF-45C0-B00A-DD8663AA1741}"
EndProject
Project("{FAE04EC0-301F-11D3-BF4B-00C04F79EFBC}") = "Persistence", "..\Persistence\Persistence.csproj", "{1C0F21C1-34A5-4380-9F89-15F008BE05F2}"
EndProject
Global
	GlobalSection(SolutionConfigurationPlatforms) = preSolution
		Debug|Any CPU = Debug|Any CPU
		Release|Any CPU = Release|Any CPU
	EndGlobalSection
	GlobalSection(ProjectConfigurationPlatforms) = postSolution
		{61C57883-ADBB-4411-91AF-E81D4CE61380}.Debug|Any CPU.ActiveCfg = Debug|Any CPU
		{61C57883-ADBB-4411-91AF-E81D4CE61380}.Debug|Any CPU.Build.0 = Debug|Any CPU
		{61C57883-ADBB-4411-91AF-E81D4CE61380}.Release|Any CPU.ActiveCfg = Release|Any CPU
		{61C57883-ADBB-4411-91AF-E81D4CE61380}.Release|Any CPU.Build.0 = Release|Any CPU
		{5202E265-012C-4710-9D11-E8DD005BD97F}.Debug|Any CPU.ActiveCfg = Debug|Any CPU
		{5202E265-012C-4710-9D11-E8DD005BD97F}.Debug|Any CPU.Build.0 = Debug|Any CPU
		{5202E265-012C-4710-9D11-E8DD005BD97F}.Release|Any CPU.ActiveCfg = Release|Any CPU
		{5202E265-012C-4710-9D11-E8DD005BD97F}.Release|Any CPU.Build.0 = Release|Any CPU
		{6438A5A5-48EF-45C0-B00A-DD8663AA1741}.Debug|Any CPU.ActiveCfg = Debug|Any CPU
		{6438A5A5-48EF-45C0-B00A-DD8663AA1741}.Debug|Any CPU.Build.0 = Debug|Any CPU
		{6438A5A5-48EF-45C0-B00A-DD8663AA1741}.Release|Any CPU.ActiveCfg = Release|Any CPU
		{6438A5A5-48EF-45C0-B00A-DD8663AA1741}.Release|Any CPU.Build.0 = Release|Any CPU
		{1C0F21C1-34A5-4380-9F89-15F008BE05F2}.Debug|Any CPU.ActiveCfg = Debug|Any CPU
		{1C0F21C1-34A5-4380-9F89-15F008BE05F2}.Debug|Any CPU.Build.0 = Debug|Any CPU
		{1C0F21C1-34A5-4380-9F89-15F008BE05F2}.Release|Any CPU.ActiveCfg = Release|Any CPU
		{1C0F21C1-34A5-4380-9F89-15F008BE05F2}.Release|Any CPU.Build.0 = Release|Any CPU
	EndGlobalSection
	GlobalSection(SolutionProperties) = preSolution
		HideSolutionNode = FALSE
	EndGlobalSection
	GlobalSection(ExtensibilityGlobals) = postSolution
		SolutionGuid = {12BB88D9-8493-4117-BAEF-9E55B4F7EBDF}
	EndGlobalSection
EndGlobal
